
Microsoft Visual Studio Solution File, Format Version 12.00
# Visual Studio 15
VisualStudioVersion = 15.0.28307.271
MinimumVisualStudioVersion = 10.0.40219.1
Project("{9A19103F-16F7-4668-BE54-9A1E7A4F7556}") = "UnitTests", "UnitTests\UnitTests.csproj", "{6A08DBD1-8845-43CA-91CF-DB5B063C6DB2}"
EndProject
Project("{9A19103F-16F7-4668-BE54-9A1E7A4F7556}") = "BeltTester", "BeltTester\BeltTester.csproj", "{2E8D4907-EB5E-48BD-96E0-E657FDDC2771}"
EndProject
Global
	GlobalSection(SolutionConfigurationPlatforms) = preSolution
		Debug|Any CPU = Debug|Any CPU
		Release|Any CPU = Release|Any CPU
	EndGlobalSection
	GlobalSection(ProjectConfigurationPlatforms) = postSolution
		{6A08DBD1-8845-43CA-91CF-DB5B063C6DB2}.Debug|Any CPU.ActiveCfg = Debug|Any CPU
		{6A08DBD1-8845-43CA-91CF-DB5B063C6DB2}.Debug|Any CPU.Build.0 = Debug|Any CPU
		{6A08DBD1-8845-43CA-91CF-DB5B063C6DB2}.Release|Any CPU.ActiveCfg = Release|Any CPU
		{6A08DBD1-8845-43CA-91CF-DB5B063C6DB2}.Release|Any CPU.Build.0 = Release|Any CPU
		{2E8D4907-EB5E-48BD-96E0-E657FDDC2771}.Debug|Any CPU.ActiveCfg = Debug|Any CPU
		{2E8D4907-EB5E-48BD-96E0-E657FDDC2771}.Debug|Any CPU.Build.0 = Debug|Any CPU
		{2E8D4907-EB5E-48BD-96E0-E657FDDC2771}.Release|Any CPU.ActiveCfg = Release|Any CPU
		{2E8D4907-EB5E-48BD-96E0-E657FDDC2771}.Release|Any CPU.Build.0 = Release|Any CPU
	EndGlobalSection
	GlobalSection(SolutionProperties) = preSolution
		HideSolutionNode = FALSE
	EndGlobalSection
	GlobalSection(ExtensibilityGlobals) = postSolution
		SolutionGuid = {40E43A54-B5F6-45F5-8BC7-948879DEDB90}
	EndGlobalSection
EndGlobal
